<?xml version="1.0" encoding="utf-8"?>
<Project ToolsVersion="4.0" xmlns="http://schemas.microsoft.com/developer/msbuild/2003">
  <ItemGroup>
    <Filter Include="Source Files">
      <UniqueIdentifier>{4FC737F1-C7A5-4376-A066-2A32D752A2FF}</UniqueIdentifier>
      <Extensions>cpp;c;cc;cxx;def;odl;idl;hpj;bat;asm;asmx</Extensions>
    </Filter>
    <Filter Include="Header Files">
      <UniqueIdentifier>{93995380-89BD-4b04-88EB-625FBE52EBFB}</UniqueIdentifier>
      <Extensions>h;hh;hpp;hxx;hm;inl;inc;xsd</Extensions>
    </Filter>
    <Filter Include="Resource Files">
      <UniqueIdentifier>{67DA6AB6-F800-4c08-8B7A-83BB121AAD01}</UniqueIdentifier>
      <Extensions>rc;ico;cur;bmp;dlg;rc2;rct;bin;rgs;gif;jpg;jpeg;jpe;resx;tiff;tif;png;wav;mfcribbon-ms</Extensions>
    </Filter>
  </ItemGroup>
  <ItemGroup>
    <ClCompile Include="Chimera.cpp">
      <Filter>Source Files</Filter>
    </ClCompile>
    <ClCompile Include="stdafx.cpp">
      <Filter>Source Files</Filter>
    </ClCompile>
    <ClCompile Include="C_Analise_Lexica.cpp">
      <Filter>Source Files</Filter>
    </ClCompile>
    <ClCompile Include="TU_Analise_Lexica.cpp">
      <Filter>Source Files</Filter>
    </ClCompile>
    <ClCompile Include="C_Analise_Sintatica.cpp">
      <Filter>Source Files</Filter>
    </ClCompile>
    <ClCompile Include="TU_Analise_Sintatica.cpp">
      <Filter>Source Files</Filter>
    </ClCompile>
    <ClCompile Include="C_Arquivo.cpp">
      <Filter>Source Files</Filter>
    </ClCompile>
    <ClCompile Include="C_Tabela_Simbolos.cpp">
      <Filter>Source Files</Filter>
    </ClCompile>
    <ClCompile Include="C_Mepa.cpp">
      <Filter>Source Files</Filter>
    </ClCompile>
  </ItemGroup>
  <ItemGroup>
    <ClInclude Include="S_Token_Lexema.h">
      <Filter>Header Files</Filter>
    </ClInclude>
    <ClInclude Include="C_Analise_Lexica.h">
      <Filter>Header Files</Filter>
    </ClInclude>
    <ClInclude Include="TU_Analise_Lexica.h">
      <Filter>Header Files</Filter>
    </ClInclude>
    <ClInclude Include="C_Analise_Sintatica.h">
      <Filter>Header Files</Filter>
    </ClInclude>
    <ClInclude Include="TU_Analise_Sintatica.h">
      <Filter>Header Files</Filter>
    </ClInclude>
    <ClInclude Include="C_Arquivo.h">
      <Filter>Header Files</Filter>
    </ClInclude>
    <ClInclude Include="Compilador.h">
      <Filter>Header Files</Filter>
    </ClInclude>
    <ClInclude Include="Testes.h">
      <Filter>Header Files</Filter>
    </ClInclude>
    <ClInclude Include="C_Tabela_Simbolos.h">
      <Filter>Header Files</Filter>
    </ClInclude>
    <ClInclude Include="C_Mepa.h">
      <Filter>Header Files</Filter>
    </ClInclude>
  </ItemGroup>
</Project>